
Microsoft Visual Studio Solution File, Format Version 12.00
# Visual Studio Version 17
VisualStudioVersion = 17.8.34330.188
MinimumVisualStudioVersion = 10.0.40219.1
Project("{FAE04EC0-301F-11D3-BF4B-00C04F79EFBC}") = "bred.homework.DriversAndVehiclesConsole", "bred.homework.DriversAndVehiclesConsole.csproj", "{36591235-FB3A-4B36-AE37-2E77E72A5A52}"
EndProject
Global
	GlobalSection(SolutionConfigurationPlatforms) = preSolution
		Debug|Any CPU = Debug|Any CPU
		Release|Any CPU = Release|Any CPU
	EndGlobalSection
	GlobalSection(ProjectConfigurationPlatforms) = postSolution
		{36591235-FB3A-4B36-AE37-2E77E72A5A52}.Debug|Any CPU.ActiveCfg = Debug|Any CPU
		{36591235-FB3A-4B36-AE37-2E77E72A5A52}.Debug|Any CPU.Build.0 = Debug|Any CPU
		{36591235-FB3A-4B36-AE37-2E77E72A5A52}.Release|Any CPU.ActiveCfg = Release|Any CPU
		{36591235-FB3A-4B36-AE37-2E77E72A5A52}.Release|Any CPU.Build.0 = Release|Any CPU
	EndGlobalSection
	GlobalSection(SolutionProperties) = preSolution
		HideSolutionNode = FALSE
	EndGlobalSection
	GlobalSection(ExtensibilityGlobals) = postSolution
		SolutionGuid = {C442A401-5C16-46E1-AEF8-AE0536E958BB}
	EndGlobalSection
EndGlobal
